
Microsoft Visual Studio Solution File, Format Version 12.00
# Visual Studio 2017
Project("{FAE04EC0-301F-11D3-BF4B-00C04F79EFBC}") = "MasterMind.Plugins", "MasterMind.Plugins.csproj", "{2E0B9838-54A3-8EEA-EDFF-052173001EF3}"
EndProject
Project("{FAE04EC0-301F-11D3-BF4B-00C04F79EFBC}") = "MasterMind.Editor.Plugins", "MasterMind.Editor.Plugins.csproj", "{3A7BB9B6-114D-6DD8-73F3-37BA56F251C8}"
EndProject
Global
	GlobalSection(SolutionConfigurationPlatforms) = preSolution
		Debug|Any CPU = Debug|Any CPU
		Release|Any CPU = Release|Any CPU
	EndGlobalSection
	GlobalSection(ProjectConfigurationPlatforms) = postSolution
		{2E0B9838-54A3-8EEA-EDFF-052173001EF3}.Debug|Any CPU.ActiveCfg = Debug|Any CPU
		{2E0B9838-54A3-8EEA-EDFF-052173001EF3}.Debug|Any CPU.Build.0 = Debug|Any CPU
		{2E0B9838-54A3-8EEA-EDFF-052173001EF3}.Release|Any CPU.ActiveCfg = Release|Any CPU
		{2E0B9838-54A3-8EEA-EDFF-052173001EF3}.Release|Any CPU.Build.0 = Release|Any CPU
		{3A7BB9B6-114D-6DD8-73F3-37BA56F251C8}.Debug|Any CPU.ActiveCfg = Debug|Any CPU
		{3A7BB9B6-114D-6DD8-73F3-37BA56F251C8}.Debug|Any CPU.Build.0 = Debug|Any CPU
		{3A7BB9B6-114D-6DD8-73F3-37BA56F251C8}.Release|Any CPU.ActiveCfg = Release|Any CPU
		{3A7BB9B6-114D-6DD8-73F3-37BA56F251C8}.Release|Any CPU.Build.0 = Release|Any CPU
	EndGlobalSection
	GlobalSection(SolutionProperties) = preSolution
		HideSolutionNode = FALSE
	EndGlobalSection
EndGlobal
